
Microsoft Visual Studio Solution File, Format Version 12.00
# Visual Studio 15
VisualStudioVersion = 15.0.28307.572
MinimumVisualStudioVersion = 10.0.40219.1
Project("{FAE04EC0-301F-11D3-BF4B-00C04F79EFBC}") = "TasksCLI", "TasksCLI\TasksCLI.csproj", "{ABDC361D-3097-47C9-9E51-46E80E2FC79B}"
EndProject
Global
	GlobalSection(SolutionConfigurationPlatforms) = preSolution
		Debug|Any CPU = Debug|Any CPU
		Release|Any CPU = Release|Any CPU
	EndGlobalSection
	GlobalSection(ProjectConfigurationPlatforms) = postSolution
		{ABDC361D-3097-47C9-9E51-46E80E2FC79B}.Debug|Any CPU.ActiveCfg = Debug|Any CPU
		{ABDC361D-3097-47C9-9E51-46E80E2FC79B}.Debug|Any CPU.Build.0 = Debug|Any CPU
		{ABDC361D-3097-47C9-9E51-46E80E2FC79B}.Release|Any CPU.ActiveCfg = Release|Any CPU
		{ABDC361D-3097-47C9-9E51-46E80E2FC79B}.Release|Any CPU.Build.0 = Release|Any CPU
	EndGlobalSection
	GlobalSection(SolutionProperties) = preSolution
		HideSolutionNode = FALSE
	EndGlobalSection
	GlobalSection(ExtensibilityGlobals) = postSolution
		SolutionGuid = {9C906164-F4C4-4E7B-BBB8-76A437777E9B}
	EndGlobalSection
EndGlobal
